{
  "name": "interview",
  "version": "1.0.0",
  "lockfileVersion": 3,
  "requires": true,
  "packages": {
    "": {
      "name": "interview",
      "version": "1.0.0",
      "license": "ISC",
      "dependencies": {
        "docxtemplater": "^3.48.0",
        "pizzip": "^3.1.7"
      }
    },
    "node_modules/@xmldom/xmldom": {
      "version": "0.8.10",
      "resolved": "https://registry.npmjs.org/@xmldom/xmldom/-/xmldom-0.8.10.tgz",
      "integrity": "sha512-2WALfTl4xo2SkGCYRt6rDTFfk9R1czmBvUQy12gK2KuRKIpWEhcbbzy8EZXtz/jkRqHX8bFEc6FC1HjX4TUWYw==",
      "engines": {
        "node": ">=10.0.0"
      }
    },
    "node_modules/docxtemplater": {
      "version": "3.48.0",
      "resolved": "https://registry.npmjs.org/docxtemplater/-/docxtemplater-3.48.0.tgz",
      "integrity": "sha512-eM/sSUIVZND/GeY7FCC8kL2QV9oEQZ/RNxfY9cC07JutpVMFC9EEBOk4ajs3mcN72gqzOUqrsdwXPmKTD9TyHA==",
      "dependencies": {
        "@xmldom/xmldom": "^0.8.10"
      },
      "engines": {
        "node": ">=0.10"
      }
    },
    "node_modules/pako": {
      "version": "2.1.0",
      "resolved": "https://registry.npmjs.org/pako/-/pako-2.1.0.tgz",
      "integrity": "sha512-w+eufiZ1WuJYgPXbV/PO3NCMEc3xqylkKHzp8bxp1uW4qaSNQUkwmLLEc3kKsfz8lpV1F8Ht3U1Cm+9Srog2ug=="
    },
    "node_modules/pizzip": {
      "version": "3.1.7",
      "resolved": "https://registry.npmjs.org/pizzip/-/pizzip-3.1.7.tgz",
      "integrity": "sha512-VemVeAQtdIA74AN1Fsd5OmbMbEeS4YOwwlcudgzvmUrOIOPrk1idYC5Tw5FUFq/I0c26ziNOw9z//iPmGfp1jA==",
      "dependencies": {
        "pako": "^2.1.0"
      }
    }
  }
}
